
Microsoft Visual Studio Solution File, Format Version 12.00
# Visual Studio 15
VisualStudioVersion = 15.0.27703.2026
MinimumVisualStudioVersion = 10.0.40219.1
Project("{FAE04EC0-301F-11D3-BF4B-00C04F79EFBC}") = "ProyectoCartera", "ProyectoCartera\ProyectoCartera.csproj", "{58B4EECC-F95E-4FFE-82C8-6D4E133CDEF4}"
EndProject
Global
	GlobalSection(SolutionConfigurationPlatforms) = preSolution
		Debug|Any CPU = Debug|Any CPU
		Release|Any CPU = Release|Any CPU
	EndGlobalSection
	GlobalSection(ProjectConfigurationPlatforms) = postSolution
		{58B4EECC-F95E-4FFE-82C8-6D4E133CDEF4}.Debug|Any CPU.ActiveCfg = Debug|Any CPU
		{58B4EECC-F95E-4FFE-82C8-6D4E133CDEF4}.Debug|Any CPU.Build.0 = Debug|Any CPU
		{58B4EECC-F95E-4FFE-82C8-6D4E133CDEF4}.Release|Any CPU.ActiveCfg = Release|Any CPU
		{58B4EECC-F95E-4FFE-82C8-6D4E133CDEF4}.Release|Any CPU.Build.0 = Release|Any CPU
	EndGlobalSection
	GlobalSection(SolutionProperties) = preSolution
		HideSolutionNode = FALSE
	EndGlobalSection
	GlobalSection(ExtensibilityGlobals) = postSolution
		SolutionGuid = {5051F188-5545-4D4B-A1BB-F0A1916223B2}
	EndGlobalSection
EndGlobal
